{
  "name": "multigm",
  "version": "1.0.0",
  "lockfileVersion": 2,
  "requires": true,
  "packages": {
    "": {
      "version": "1.0.0",
      "license": "ISC",
      "dependencies": {
        "prompt-sync": "^4.2.0",
        "string-validator": "^1.0.5"
      }
    },
    "node_modules/ansi-regex": {
      "version": "4.1.1",
      "resolved": "https://registry.npmjs.org/ansi-regex/-/ansi-regex-4.1.1.tgz",
      "integrity": "sha512-ILlv4k/3f6vfQ4OoP2AGvirOktlQ98ZEL1k9FaQjxa3L1abBgbuTDAdPOpvbGncC0BTVQrl+OM8xZGK6tWXt7g==",
      "engines": {
        "node": ">=6"
      }
    },
    "node_modules/prompt-sync": {
      "version": "4.2.0",
      "resolved": "https://registry.npmjs.org/prompt-sync/-/prompt-sync-4.2.0.tgz",
      "integrity": "sha512-BuEzzc5zptP5LsgV5MZETjDaKSWfchl5U9Luiu8SKp7iZWD5tZalOxvNcZRwv+d2phNFr8xlbxmFNcRKfJOzJw==",
      "dependencies": {
        "strip-ansi": "^5.0.0"
      }
    },
    "node_modules/string-validator": {
      "version": "1.0.5",
      "resolved": "https://registry.npmjs.org/string-validator/-/string-validator-1.0.5.tgz",
      "integrity": "sha512-RK6OCtX95iIUO5yNkpZnVx0IcktVhelz5vaXSz+ElVJLwNk1JVKfvWXmsgn5sFcVdAFZ45ewcbbUVDWN9SLrfA==",
      "dependencies": {
        "validator": "^3.17.0"
      }
    },
    "node_modules/strip-ansi": {
      "version": "5.2.0",
      "resolved": "https://registry.npmjs.org/strip-ansi/-/strip-ansi-5.2.0.tgz",
      "integrity": "sha512-DuRs1gKbBqsMKIZlrffwlug8MHkcnpjs5VPmL1PAh+mA30U0DTotfDZ0d2UUsXpPmPmMMJ6W773MaA3J+lbiWA==",
      "dependencies": {
        "ansi-regex": "^4.1.0"
      },
      "engines": {
        "node": ">=6"
      }
    },
    "node_modules/validator": {
      "version": "3.43.0",
      "resolved": "https://registry.npmjs.org/validator/-/validator-3.43.0.tgz",
      "integrity": "sha512-H9RMa5elH0361QGFKeZiIWxN0YJDKL9rblzaXVFEKrKkL9hROcg/4f5rJ90SLTjai0IPmN18v9LkH//wwN93bA==",
      "engines": {
        "node": ">= 0.10"
      }
    }
  },
  "dependencies": {
    "ansi-regex": {
      "version": "4.1.1",
      "resolved": "https://registry.npmjs.org/ansi-regex/-/ansi-regex-4.1.1.tgz",
      "integrity": "sha512-ILlv4k/3f6vfQ4OoP2AGvirOktlQ98ZEL1k9FaQjxa3L1abBgbuTDAdPOpvbGncC0BTVQrl+OM8xZGK6tWXt7g=="
    },
    "prompt-sync": {
      "version": "4.2.0",
      "resolved": "https://registry.npmjs.org/prompt-sync/-/prompt-sync-4.2.0.tgz",
      "integrity": "sha512-BuEzzc5zptP5LsgV5MZETjDaKSWfchl5U9Luiu8SKp7iZWD5tZalOxvNcZRwv+d2phNFr8xlbxmFNcRKfJOzJw==",
      "requires": {
        "strip-ansi": "^5.0.0"
      }
    },
    "string-validator": {
      "version": "1.0.5",
      "resolved": "https://registry.npmjs.org/string-validator/-/string-validator-1.0.5.tgz",
      "integrity": "sha512-RK6OCtX95iIUO5yNkpZnVx0IcktVhelz5vaXSz+ElVJLwNk1JVKfvWXmsgn5sFcVdAFZ45ewcbbUVDWN9SLrfA==",
      "requires": {
        "validator": "^3.17.0"
      }
    },
    "strip-ansi": {
      "version": "5.2.0",
      "resolved": "https://registry.npmjs.org/strip-ansi/-/strip-ansi-5.2.0.tgz",
      "integrity": "sha512-DuRs1gKbBqsMKIZlrffwlug8MHkcnpjs5VPmL1PAh+mA30U0DTotfDZ0d2UUsXpPmPmMMJ6W773MaA3J+lbiWA==",
      "requires": {
        "ansi-regex": "^4.1.0"
      }
    },
    "validator": {
      "version": "3.43.0",
      "resolved": "https://registry.npmjs.org/validator/-/validator-3.43.0.tgz",
      "integrity": "sha512-H9RMa5elH0361QGFKeZiIWxN0YJDKL9rblzaXVFEKrKkL9hROcg/4f5rJ90SLTjai0IPmN18v9LkH//wwN93bA=="
    }
  }
}
